{
  "name": "notambourine-claude",
  "lockfileVersion": 3,
  "requires": true,
  "packages": {
    "": {
      "name": "notambourine-claude",
      "license": "MIT",
      "dependencies": {
        "@notambourine/brand-kit": "1.2.1"
      }
    },
    "node_modules/@notambourine/brand-kit": {
      "version": "1.2.1",
      "resolved": "https://registry.npmjs.org/@notambourine/brand-kit/-/brand-kit-1.2.1.tgz",
      "integrity": "sha512-XIgTyOPYQIDixP6dlpzCG7BYipDpQ0EwYnQCuIYx2fiSdxnxuBy+N4AHSW4EngbLypt6T6USZZ5jAv+0GnYF4w==",
      "license": "MIT"
    }
  }
}
