{
  "name": "notambourine-claude",
  "lockfileVersion": 3,
  "requires": true,
  "packages": {
    "": {
      "name": "notambourine-claude",
      "license": "MIT",
      "dependencies": {
        "@notambourine/brand-kit": "1.4.0"
      }
    },
    "node_modules/@notambourine/brand-kit": {
      "version": "1.4.0",
      "resolved": "https://registry.npmjs.org/@notambourine/brand-kit/-/brand-kit-1.4.0.tgz",
      "integrity": "sha512-m2WXUZjlD/fOwMd15a53yRGG7yHx3/PKt+bPPBoyTzzhLkmQ0MwGhFJUpmVPQGpvCbjHExscw49Fpd2OLC9UDg==",
      "license": "MIT"
    }
  }
}
